
Microsoft Visual Studio Solution File, Format Version 12.00
# Visual Studio Version 16
VisualStudioVersion = 16.0.31410.357
MinimumVisualStudioVersion = 10.0.40219.1
Project("{2150E333-8FDC-42A3-9474-1A3956D46DE8}") = "1 - Services", "1 - Services", "{5DD71D09-8447-4F5A-B7B9-D81900CBB777}"
EndProject
Project("{2150E333-8FDC-42A3-9474-1A3956D46DE8}") = "2 - Application", "2 - Application", "{63E96643-092A-4C33-B271-D03C926EF9E6}"
EndProject
Project("{2150E333-8FDC-42A3-9474-1A3956D46DE8}") = "3 - Domain", "3 - Domain", "{8785D062-E299-4609-9772-4AC8364A0B05}"
EndProject
Project("{2150E333-8FDC-42A3-9474-1A3956D46DE8}") = "4 - Infrastructure", "4 - Infrastructure", "{0FAA6C7D-479D-4FDD-9FB0-3E1CA4379974}"
EndProject
Project("{FAE04EC0-301F-11D3-BF4B-00C04F79EFBC}") = "RestApiModeloDDD.API", "RestApiModeloDDD.API\RestApiModeloDDD.API.csproj", "{AE67A28F-8002-4431-8D71-9B84758D93CF}"
EndProject
Project("{FAE04EC0-301F-11D3-BF4B-00C04F79EFBC}") = "RestApiModeloDDD.application", "RestApiModeloDDD.application\RestApiModeloDDD.application.csproj", "{2EDCA5A1-6202-4267-B987-F4373BB0A5BA}"
EndProject
Project("{FAE04EC0-301F-11D3-BF4B-00C04F79EFBC}") = "RestApiModeloDDD.Domain", "RestApiModeloDDD.Domain\RestApiModeloDDD.Domain.csproj", "{80BC82AD-2828-4496-A91D-D0FA10179228}"
EndProject
Project("{FAE04EC0-301F-11D3-BF4B-00C04F79EFBC}") = "RestApiModeloDDD.Domain.Core", "RestApiModeloDDD.Domain.Core\RestApiModeloDDD.Domain.Core.csproj", "{37B457E5-1A3C-4FBB-B16D-7314337F73CD}"
EndProject
Project("{FAE04EC0-301F-11D3-BF4B-00C04F79EFBC}") = "RestApiModeloDDD.Domain.Services", "RestApiModeloDDD.Domain.Services\RestApiModeloDDD.Domain.Services.csproj", "{FDA43663-B798-4371-8C1B-E71E77AEAC80}"
EndProject
Project("{FAE04EC0-301F-11D3-BF4B-00C04F79EFBC}") = "RestApiModeloDDD.infrastructure", "RestApiModeloDDD.infrastructure\RestApiModeloDDD.infrastructure.csproj", "{A95E2A32-18C4-4F1D-B9E7-4EF091BDAE98}"
EndProject
Global
	GlobalSection(SolutionConfigurationPlatforms) = preSolution
		Debug|Any CPU = Debug|Any CPU
		Release|Any CPU = Release|Any CPU
	EndGlobalSection
	GlobalSection(ProjectConfigurationPlatforms) = postSolution
		{AE67A28F-8002-4431-8D71-9B84758D93CF}.Debug|Any CPU.ActiveCfg = Debug|Any CPU
		{AE67A28F-8002-4431-8D71-9B84758D93CF}.Debug|Any CPU.Build.0 = Debug|Any CPU
		{AE67A28F-8002-4431-8D71-9B84758D93CF}.Release|Any CPU.ActiveCfg = Release|Any CPU
		{AE67A28F-8002-4431-8D71-9B84758D93CF}.Release|Any CPU.Build.0 = Release|Any CPU
		{2EDCA5A1-6202-4267-B987-F4373BB0A5BA}.Debug|Any CPU.ActiveCfg = Debug|Any CPU
		{2EDCA5A1-6202-4267-B987-F4373BB0A5BA}.Debug|Any CPU.Build.0 = Debug|Any CPU
		{2EDCA5A1-6202-4267-B987-F4373BB0A5BA}.Release|Any CPU.ActiveCfg = Release|Any CPU
		{2EDCA5A1-6202-4267-B987-F4373BB0A5BA}.Release|Any CPU.Build.0 = Release|Any CPU
		{80BC82AD-2828-4496-A91D-D0FA10179228}.Debug|Any CPU.ActiveCfg = Debug|Any CPU
		{80BC82AD-2828-4496-A91D-D0FA10179228}.Debug|Any CPU.Build.0 = Debug|Any CPU
		{80BC82AD-2828-4496-A91D-D0FA10179228}.Release|Any CPU.ActiveCfg = Release|Any CPU
		{80BC82AD-2828-4496-A91D-D0FA10179228}.Release|Any CPU.Build.0 = Release|Any CPU
		{37B457E5-1A3C-4FBB-B16D-7314337F73CD}.Debug|Any CPU.ActiveCfg = Debug|Any CPU
		{37B457E5-1A3C-4FBB-B16D-7314337F73CD}.Debug|Any CPU.Build.0 = Debug|Any CPU
		{37B457E5-1A3C-4FBB-B16D-7314337F73CD}.Release|Any CPU.ActiveCfg = Release|Any CPU
		{37B457E5-1A3C-4FBB-B16D-7314337F73CD}.Release|Any CPU.Build.0 = Release|Any CPU
		{FDA43663-B798-4371-8C1B-E71E77AEAC80}.Debug|Any CPU.ActiveCfg = Debug|Any CPU
		{FDA43663-B798-4371-8C1B-E71E77AEAC80}.Debug|Any CPU.Build.0 = Debug|Any CPU
		{FDA43663-B798-4371-8C1B-E71E77AEAC80}.Release|Any CPU.ActiveCfg = Release|Any CPU
		{FDA43663-B798-4371-8C1B-E71E77AEAC80}.Release|Any CPU.Build.0 = Release|Any CPU
		{A95E2A32-18C4-4F1D-B9E7-4EF091BDAE98}.Debug|Any CPU.ActiveCfg = Debug|Any CPU
		{A95E2A32-18C4-4F1D-B9E7-4EF091BDAE98}.Debug|Any CPU.Build.0 = Debug|Any CPU
		{A95E2A32-18C4-4F1D-B9E7-4EF091BDAE98}.Release|Any CPU.ActiveCfg = Release|Any CPU
		{A95E2A32-18C4-4F1D-B9E7-4EF091BDAE98}.Release|Any CPU.Build.0 = Release|Any CPU
	EndGlobalSection
	GlobalSection(SolutionProperties) = preSolution
		HideSolutionNode = FALSE
	EndGlobalSection
	GlobalSection(NestedProjects) = preSolution
		{AE67A28F-8002-4431-8D71-9B84758D93CF} = {5DD71D09-8447-4F5A-B7B9-D81900CBB777}
		{2EDCA5A1-6202-4267-B987-F4373BB0A5BA} = {63E96643-092A-4C33-B271-D03C926EF9E6}
		{80BC82AD-2828-4496-A91D-D0FA10179228} = {8785D062-E299-4609-9772-4AC8364A0B05}
		{37B457E5-1A3C-4FBB-B16D-7314337F73CD} = {8785D062-E299-4609-9772-4AC8364A0B05}
		{FDA43663-B798-4371-8C1B-E71E77AEAC80} = {8785D062-E299-4609-9772-4AC8364A0B05}
		{A95E2A32-18C4-4F1D-B9E7-4EF091BDAE98} = {0FAA6C7D-479D-4FDD-9FB0-3E1CA4379974}
	EndGlobalSection
	GlobalSection(ExtensibilityGlobals) = postSolution
		SolutionGuid = {C8B75612-C0B0-4BBA-8CD0-F22C77968814}
	EndGlobalSection
EndGlobal
